
Microsoft Visual Studio Solution File, Format Version 12.00
# Blend for Visual Studio Version 17
VisualStudioVersion = 17.10.35013.160
MinimumVisualStudioVersion = 10.0.40219.1
Project("{FAE04EC0-301F-11D3-BF4B-00C04F79EFBC}") = "TillSystem", "TillSystem.csproj", "{649F4A28-5A14-454D-8592-993B19E0CCE7}"
EndProject
Global
	GlobalSection(SolutionConfigurationPlatforms) = preSolution
		Debug|Any CPU = Debug|Any CPU
		Release|Any CPU = Release|Any CPU
	EndGlobalSection
	GlobalSection(ProjectConfigurationPlatforms) = postSolution
		{649F4A28-5A14-454D-8592-993B19E0CCE7}.Debug|Any CPU.ActiveCfg = Debug|Any CPU
		{649F4A28-5A14-454D-8592-993B19E0CCE7}.Debug|Any CPU.Build.0 = Debug|Any CPU
		{649F4A28-5A14-454D-8592-993B19E0CCE7}.Release|Any CPU.ActiveCfg = Release|Any CPU
		{649F4A28-5A14-454D-8592-993B19E0CCE7}.Release|Any CPU.Build.0 = Release|Any CPU
	EndGlobalSection
	GlobalSection(SolutionProperties) = preSolution
		HideSolutionNode = FALSE
	EndGlobalSection
	GlobalSection(ExtensibilityGlobals) = postSolution
		SolutionGuid = {6FED4900-7992-49D5-9BB4-7CEF90F89229}
	EndGlobalSection
EndGlobal
